// !$*UTF8*$!
{
	archiveVersion = 1;
	classes = {
	};
	objectVersion = 56;
	objects = {

/* Begin PBXBuildFile section */
		5656A52FAA05FFAD5D2D1FF0 /* Pods_PlaceIt.framework in Frameworks */ = {isa = PBXBuildFile; fileRef = 531C97B7B100D7C90FC942E5 /* Pods_PlaceIt.framework */; };
		EE0404722D2942FF00B9DA2F /* AddModelTip.swift in Sources */ = {isa = PBXBuildFile; fileRef = EE0404712D2942FA00B9DA2F /* AddModelTip.swift */; };
		EE19B70A2CECFCC900906F0A /* UIDropdown.swift in Sources */ = {isa = PBXBuildFile; fileRef = EE19B7092CECFCC900906F0A /* UIDropdown.swift */; };
		EE1EC01D2D200B41006F18D3 /* Room.swift in Sources */ = {isa = PBXBuildFile; fileRef = EE1EC01C2D200B41006F18D3 /* Room.swift */; };
		EE1EC0252D21BE0C006F18D3 /* UIFullLoadingController.swift in Sources */ = {isa = PBXBuildFile; fileRef = EE1EC0242D21BDF1006F18D3 /* UIFullLoadingController.swift */; };
		EE1FE5F12CCAC2FF00D30110 /* AppDelegate.swift in Sources */ = {isa = PBXBuildFile; fileRef = EE1FE5F02CCAC2FF00D30110 /* AppDelegate.swift */; };
		EE1FE5F32CCAC2FF00D30110 /* SceneDelegate.swift in Sources */ = {isa = PBXBuildFile; fileRef = EE1FE5F22CCAC2FF00D30110 /* SceneDelegate.swift */; };
		EE1FE5FD2CCAC30000D30110 /* Base in Resources */ = {isa = PBXBuildFile; fileRef = EE1FE5FC2CCAC30000D30110 /* Base */; };
		EE3295202D25E24500FE2344 /* Test.swift in Sources */ = {isa = PBXBuildFile; fileRef = EE32951F2D25E24300FE2344 /* Test.swift */; };
		EE3295232D25EB3700FE2344 /* AddRoomTip.swift in Sources */ = {isa = PBXBuildFile; fileRef = EE3295222D25EB3300FE2344 /* AddRoomTip.swift */; };
		EE3538E72CD6407100EBBF62 /* ThresholdPanGesture.swift in Sources */ = {isa = PBXBuildFile; fileRef = EE3538E62CD6407100EBBF62 /* ThresholdPanGesture.swift */; };
		EE3538E92CD6455300EBBF62 /* VirtualObjectInteraction.swift in Sources */ = {isa = PBXBuildFile; fileRef = EE3538E82CD6455300EBBF62 /* VirtualObjectInteraction.swift */; };
		EE41E5972CEA251400614560 /* RoomManager.swift in Sources */ = {isa = PBXBuildFile; fileRef = EE41E5962CEA251400614560 /* RoomManager.swift */; };
		EE41E59A2CEA26C100614560 /* RoomSelectionView.swift in Sources */ = {isa = PBXBuildFile; fileRef = EE41E5992CEA26C100614560 /* RoomSelectionView.swift */; };
		EE41E59C2CEA26C800614560 /* RoomSelectionController.swift in Sources */ = {isa = PBXBuildFile; fileRef = EE41E59B2CEA26C700614560 /* RoomSelectionController.swift */; };
		EE41E59F2CEA82AC00614560 /* RoomSelectionCollectionItemCell.swift in Sources */ = {isa = PBXBuildFile; fileRef = EE41E59E2CEA82AC00614560 /* RoomSelectionCollectionItemCell.swift */; };
		EE41E5A12CEA8A8100614560 /* RoomSelectionCollectionAddItemCell.swift in Sources */ = {isa = PBXBuildFile; fileRef = EE41E5A02CEA8A8100614560 /* RoomSelectionCollectionAddItemCell.swift */; };
		EE41E5A42CEAA2F700614560 /* CreateRoomView.swift in Sources */ = {isa = PBXBuildFile; fileRef = EE41E5A32CEAA2F700614560 /* CreateRoomView.swift */; };
		EE41E5A62CEAA2FC00614560 /* CreateRoomController.swift in Sources */ = {isa = PBXBuildFile; fileRef = EE41E5A52CEAA2FC00614560 /* CreateRoomController.swift */; };
		EE4549B52CED68C9002A6D4F /* RoomType.swift in Sources */ = {isa = PBXBuildFile; fileRef = EE4549B42CED68C9002A6D4F /* RoomType.swift */; };
		EE4549B72CED68F9002A6D4F /* MenuState.swift in Sources */ = {isa = PBXBuildFile; fileRef = EE4549B62CED68F9002A6D4F /* MenuState.swift */; };
		EE875F402CFC9A73006E8995 /* VirtualObjectActionPanel.swift in Sources */ = {isa = PBXBuildFile; fileRef = EE875F3F2CFC9A6A006E8995 /* VirtualObjectActionPanel.swift */; };
		EE8F9D702CD4104C00CB0C2B /* RenderOutlineShaders.metal in Sources */ = {isa = PBXBuildFile; fileRef = EE8F9D6D2CD4104C00CB0C2B /* RenderOutlineShaders.metal */; };
		EE8F9D712CD4104C00CB0C2B /* RenderOutlineTechnique.plist in Resources */ = {isa = PBXBuildFile; fileRef = EE8F9D6E2CD4104C00CB0C2B /* RenderOutlineTechnique.plist */; };
		EEC039942CCC1ED5003E0589 /* Assets.xcassets in Resources */ = {isa = PBXBuildFile; fileRef = EEC039932CCC1ED5003E0589 /* Assets.xcassets */; };
		EEC039982CCC3DE6003E0589 /* VirtualObject.swift in Sources */ = {isa = PBXBuildFile; fileRef = EEC039972CCC3DE6003E0589 /* VirtualObject.swift */; };
		EEC0399B2CCCE0FD003E0589 /* ModelsMenuView.swift in Sources */ = {isa = PBXBuildFile; fileRef = EEC0399A2CCCE0FD003E0589 /* ModelsMenuView.swift */; };
		EEC5E9E72CCAC6D80040237B /* BaseView.swift in Sources */ = {isa = PBXBuildFile; fileRef = EEC5E9E62CCAC6D80040237B /* BaseView.swift */; };
		EEC5E9E92CCAC6F00040237B /* BaseController.swift in Sources */ = {isa = PBXBuildFile; fileRef = EEC5E9E82CCAC6F00040237B /* BaseController.swift */; };
		EEC5E9EE2CCAC78C0040237B /* MainView.swift in Sources */ = {isa = PBXBuildFile; fileRef = EEC5E9ED2CCAC78C0040237B /* MainView.swift */; };
		EEC5E9F02CCAC7930040237B /* MainController.swift in Sources */ = {isa = PBXBuildFile; fileRef = EEC5E9EF2CCAC7930040237B /* MainController.swift */; };
		EEC5E9F32CCACF1D0040237B /* Plane.swift in Sources */ = {isa = PBXBuildFile; fileRef = EEC5E9F22CCACF1D0040237B /* Plane.swift */; };
		EEC5E9F52CCAD8270040237B /* Extensions.swift in Sources */ = {isa = PBXBuildFile; fileRef = EEC5E9F42CCAD8270040237B /* Extensions.swift */; };
		EEE1D4182CDC1E0E00BC2CF8 /* SnapshotAnchor.swift in Sources */ = {isa = PBXBuildFile; fileRef = EEE1D4172CDC1E0E00BC2CF8 /* SnapshotAnchor.swift */; };
		EEE920212CF0DB66001FA4BF /* Models.scnassets in Resources */ = {isa = PBXBuildFile; fileRef = EEE920202CF0DB66001FA4BF /* Models.scnassets */; };
		EEEEA0752CF11AB5004E1F92 /* ModelsMenuController.swift in Sources */ = {isa = PBXBuildFile; fileRef = EEEEA0742CF11AB5004E1F92 /* ModelsMenuController.swift */; };
		EEEEA0772CF11B6E004E1F92 /* ModelsMenuCollectionCell.swift in Sources */ = {isa = PBXBuildFile; fileRef = EEEEA0762CF11B6E004E1F92 /* ModelsMenuCollectionCell.swift */; };
/* End PBXBuildFile section */

/* Begin PBXFileReference section */
		44B6FBE65F2B4C984CD0E568 /* Pods-PlaceIt.debug.xcconfig */ = {isa = PBXFileReference; includeInIndex = 1; lastKnownFileType = text.xcconfig; name = "Pods-PlaceIt.debug.xcconfig"; path = "Target Support Files/Pods-PlaceIt/Pods-PlaceIt.debug.xcconfig"; sourceTree = "<group>"; };
		531C97B7B100D7C90FC942E5 /* Pods_PlaceIt.framework */ = {isa = PBXFileReference; explicitFileType = wrapper.framework; includeInIndex = 0; path = Pods_PlaceIt.framework; sourceTree = BUILT_PRODUCTS_DIR; };
		CB47595DA9DB689DB5E50D17 /* Pods-PlaceIt.release.xcconfig */ = {isa = PBXFileReference; includeInIndex = 1; lastKnownFileType = text.xcconfig; name = "Pods-PlaceIt.release.xcconfig"; path = "Target Support Files/Pods-PlaceIt/Pods-PlaceIt.release.xcconfig"; sourceTree = "<group>"; };
		EE0404712D2942FA00B9DA2F /* AddModelTip.swift */ = {isa = PBXFileReference; lastKnownFileType = sourcecode.swift; path = AddModelTip.swift; sourceTree = "<group>"; };
		EE19B7092CECFCC900906F0A /* UIDropdown.swift */ = {isa = PBXFileReference; lastKnownFileType = sourcecode.swift; path = UIDropdown.swift; sourceTree = "<group>"; };
		EE1EC01C2D200B41006F18D3 /* Room.swift */ = {isa = PBXFileReference; lastKnownFileType = sourcecode.swift; path = Room.swift; sourceTree = "<group>"; };
		EE1EC0242D21BDF1006F18D3 /* UIFullLoadingController.swift */ = {isa = PBXFileReference; lastKnownFileType = sourcecode.swift; path = UIFullLoadingController.swift; sourceTree = "<group>"; };
		EE1FE5ED2CCAC2FF00D30110 /* PlaceIt.app */ = {isa = PBXFileReference; explicitFileType = wrapper.application; includeInIndex = 0; path = PlaceIt.app; sourceTree = BUILT_PRODUCTS_DIR; };
		EE1FE5F02CCAC2FF00D30110 /* AppDelegate.swift */ = {isa = PBXFileReference; lastKnownFileType = sourcecode.swift; path = AppDelegate.swift; sourceTree = "<group>"; };
		EE1FE5F22CCAC2FF00D30110 /* SceneDelegate.swift */ = {isa = PBXFileReference; lastKnownFileType = sourcecode.swift; path = SceneDelegate.swift; sourceTree = "<group>"; };
		EE1FE5FC2CCAC30000D30110 /* Base */ = {isa = PBXFileReference; lastKnownFileType = file.storyboard; name = Base; path = Base.lproj/LaunchScreen.storyboard; sourceTree = "<group>"; };
		EE1FE5FE2CCAC30000D30110 /* Info.plist */ = {isa = PBXFileReference; lastKnownFileType = text.plist.xml; path = Info.plist; sourceTree = "<group>"; };
		EE32951F2D25E24300FE2344 /* Test.swift */ = {isa = PBXFileReference; lastKnownFileType = sourcecode.swift; path = Test.swift; sourceTree = "<group>"; };
		EE3295222D25EB3300FE2344 /* AddRoomTip.swift */ = {isa = PBXFileReference; lastKnownFileType = sourcecode.swift; path = AddRoomTip.swift; sourceTree = "<group>"; };
		EE3538E62CD6407100EBBF62 /* ThresholdPanGesture.swift */ = {isa = PBXFileReference; lastKnownFileType = sourcecode.swift; path = ThresholdPanGesture.swift; sourceTree = "<group>"; };
		EE3538E82CD6455300EBBF62 /* VirtualObjectInteraction.swift */ = {isa = PBXFileReference; lastKnownFileType = sourcecode.swift; path = VirtualObjectInteraction.swift; sourceTree = "<group>"; };
		EE41E5962CEA251400614560 /* RoomManager.swift */ = {isa = PBXFileReference; lastKnownFileType = sourcecode.swift; path = RoomManager.swift; sourceTree = "<group>"; };
		EE41E5992CEA26C100614560 /* RoomSelectionView.swift */ = {isa = PBXFileReference; lastKnownFileType = sourcecode.swift; path = RoomSelectionView.swift; sourceTree = "<group>"; };
		EE41E59B2CEA26C700614560 /* RoomSelectionController.swift */ = {isa = PBXFileReference; lastKnownFileType = sourcecode.swift; path = RoomSelectionController.swift; sourceTree = "<group>"; };
		EE41E59E2CEA82AC00614560 /* RoomSelectionCollectionItemCell.swift */ = {isa = PBXFileReference; lastKnownFileType = sourcecode.swift; path = RoomSelectionCollectionItemCell.swift; sourceTree = "<group>"; };
		EE41E5A02CEA8A8100614560 /* RoomSelectionCollectionAddItemCell.swift */ = {isa = PBXFileReference; lastKnownFileType = sourcecode.swift; path = RoomSelectionCollectionAddItemCell.swift; sourceTree = "<group>"; };
		EE41E5A32CEAA2F700614560 /* CreateRoomView.swift */ = {isa = PBXFileReference; lastKnownFileType = sourcecode.swift; path = CreateRoomView.swift; sourceTree = "<group>"; };
		EE41E5A52CEAA2FC00614560 /* CreateRoomController.swift */ = {isa = PBXFileReference; lastKnownFileType = sourcecode.swift; path = CreateRoomController.swift; sourceTree = "<group>"; };
		EE4549B42CED68C9002A6D4F /* RoomType.swift */ = {isa = PBXFileReference; lastKnownFileType = sourcecode.swift; path = RoomType.swift; sourceTree = "<group>"; };
		EE4549B62CED68F9002A6D4F /* MenuState.swift */ = {isa = PBXFileReference; lastKnownFileType = sourcecode.swift; path = MenuState.swift; sourceTree = "<group>"; };
		EE875F3F2CFC9A6A006E8995 /* VirtualObjectActionPanel.swift */ = {isa = PBXFileReference; lastKnownFileType = sourcecode.swift; path = VirtualObjectActionPanel.swift; sourceTree = "<group>"; };
		EE8F9D6D2CD4104C00CB0C2B /* RenderOutlineShaders.metal */ = {isa = PBXFileReference; fileEncoding = 4; lastKnownFileType = sourcecode.metal; path = RenderOutlineShaders.metal; sourceTree = "<group>"; };
		EE8F9D6E2CD4104C00CB0C2B /* RenderOutlineTechnique.plist */ = {isa = PBXFileReference; fileEncoding = 4; lastKnownFileType = text.plist.xml; path = RenderOutlineTechnique.plist; sourceTree = "<group>"; };
		EEC039932CCC1ED5003E0589 /* Assets.xcassets */ = {isa = PBXFileReference; lastKnownFileType = folder.assetcatalog; path = Assets.xcassets; sourceTree = "<group>"; };
		EEC039972CCC3DE6003E0589 /* VirtualObject.swift */ = {isa = PBXFileReference; lastKnownFileType = sourcecode.swift; path = VirtualObject.swift; sourceTree = "<group>"; };
		EEC0399A2CCCE0FD003E0589 /* ModelsMenuView.swift */ = {isa = PBXFileReference; lastKnownFileType = sourcecode.swift; path = ModelsMenuView.swift; sourceTree = "<group>"; };
		EEC5E9E62CCAC6D80040237B /* BaseView.swift */ = {isa = PBXFileReference; lastKnownFileType = sourcecode.swift; path = BaseView.swift; sourceTree = "<group>"; };
		EEC5E9E82CCAC6F00040237B /* BaseController.swift */ = {isa = PBXFileReference; lastKnownFileType = sourcecode.swift; path = BaseController.swift; sourceTree = "<group>"; };
		EEC5E9ED2CCAC78C0040237B /* MainView.swift */ = {isa = PBXFileReference; lastKnownFileType = sourcecode.swift; path = MainView.swift; sourceTree = "<group>"; };
		EEC5E9EF2CCAC7930040237B /* MainController.swift */ = {isa = PBXFileReference; lastKnownFileType = sourcecode.swift; path = MainController.swift; sourceTree = "<group>"; };
		EEC5E9F22CCACF1D0040237B /* Plane.swift */ = {isa = PBXFileReference; lastKnownFileType = sourcecode.swift; path = Plane.swift; sourceTree = "<group>"; };
		EEC5E9F42CCAD8270040237B /* Extensions.swift */ = {isa = PBXFileReference; lastKnownFileType = sourcecode.swift; path = Extensions.swift; sourceTree = "<group>"; };
		EEE1D4172CDC1E0E00BC2CF8 /* SnapshotAnchor.swift */ = {isa = PBXFileReference; lastKnownFileType = sourcecode.swift; path = SnapshotAnchor.swift; sourceTree = "<group>"; };
		EEE920202CF0DB66001FA4BF /* Models.scnassets */ = {isa = PBXFileReference; lastKnownFileType = wrapper.scnassets; path = Models.scnassets; sourceTree = "<group>"; };
		EEEEA0742CF11AB5004E1F92 /* ModelsMenuController.swift */ = {isa = PBXFileReference; lastKnownFileType = sourcecode.swift; path = ModelsMenuController.swift; sourceTree = "<group>"; };
		EEEEA0762CF11B6E004E1F92 /* ModelsMenuCollectionCell.swift */ = {isa = PBXFileReference; lastKnownFileType = sourcecode.swift; path = ModelsMenuCollectionCell.swift; sourceTree = "<group>"; };
/* End PBXFileReference section */

/* Begin PBXFrameworksBuildPhase section */
		EE1FE5EA2CCAC2FF00D30110 /* Frameworks */ = {
			isa = PBXFrameworksBuildPhase;
			buildActionMask = 2147483647;
			files = (
				5656A52FAA05FFAD5D2D1FF0 /* Pods_PlaceIt.framework in Frameworks */,
			);
			runOnlyForDeploymentPostprocessing = 0;
		};
/* End PBXFrameworksBuildPhase section */

/* Begin PBXGroup section */
		1B25818DFD9AA0F749E4B6DB /* Frameworks */ = {
			isa = PBXGroup;
			children = (
				531C97B7B100D7C90FC942E5 /* Pods_PlaceIt.framework */,
			);
			name = Frameworks;
			sourceTree = "<group>";
		};
		DBBA9FF401CBB5C65AB1A0E7 /* Pods */ = {
			isa = PBXGroup;
			children = (
				44B6FBE65F2B4C984CD0E568 /* Pods-PlaceIt.debug.xcconfig */,
				CB47595DA9DB689DB5E50D17 /* Pods-PlaceIt.release.xcconfig */,
			);
			path = Pods;
			sourceTree = "<group>";
		};
		EE0404732D2A47E000B9DA2F /* Onboarding */ = {
			isa = PBXGroup;
			children = (
				EE3295212D25EB2800FE2344 /* Tips */,
			);
			path = Onboarding;
			sourceTree = "<group>";
		};
		EE1EC01B2D200B37006F18D3 /* Models */ = {
			isa = PBXGroup;
			children = (
				EE1EC01C2D200B41006F18D3 /* Room.swift */,
				EEC039972CCC3DE6003E0589 /* VirtualObject.swift */,
			);
			path = Models;
			sourceTree = "<group>";
		};
		EE1FE5E42CCAC2FF00D30110 = {
			isa = PBXGroup;
			children = (
				EE1FE5EF2CCAC2FF00D30110 /* PlaceIt */,
				EE1FE5EE2CCAC2FF00D30110 /* Products */,
				DBBA9FF401CBB5C65AB1A0E7 /* Pods */,
				1B25818DFD9AA0F749E4B6DB /* Frameworks */,
			);
			sourceTree = "<group>";
		};
		EE1FE5EE2CCAC2FF00D30110 /* Products */ = {
			isa = PBXGroup;
			children = (
				EE1FE5ED2CCAC2FF00D30110 /* PlaceIt.app */,
			);
			name = Products;
			sourceTree = "<group>";
		};
		EE1FE5EF2CCAC2FF00D30110 /* PlaceIt */ = {
			isa = PBXGroup;
			children = (
				EE32951F2D25E24300FE2344 /* Test.swift */,
				EE1FE5F02CCAC2FF00D30110 /* AppDelegate.swift */,
				EE1FE5F22CCAC2FF00D30110 /* SceneDelegate.swift */,
				EE1FE5FE2CCAC30000D30110 /* Info.plist */,
				EEC5E9E02CCAC4B60040237B /* Extensions */,
				EE4549B32CED68BC002A6D4F /* Enums */,
				EE1EC01B2D200B37006F18D3 /* Models */,
				EE4549B22CED6582002A6D4F /* Elements */,
				EE3538EA2CD6B22300EBBF62 /* Managers */,
				EE0404732D2A47E000B9DA2F /* Onboarding */,
				EEC5E9E12CCAC4C20040237B /* Controllers */,
				EEC5E9DF2CCAC4A40040237B /* Resources */,
			);
			path = PlaceIt;
			sourceTree = "<group>";
		};
		EE3295212D25EB2800FE2344 /* Tips */ = {
			isa = PBXGroup;
			children = (
				EE0404712D2942FA00B9DA2F /* AddModelTip.swift */,
				EE3295222D25EB3300FE2344 /* AddRoomTip.swift */,
			);
			path = Tips;
			sourceTree = "<group>";
		};
		EE3538EA2CD6B22300EBBF62 /* Managers */ = {
			isa = PBXGroup;
			children = (
				EE3538E82CD6455300EBBF62 /* VirtualObjectInteraction.swift */,
				EE41E5962CEA251400614560 /* RoomManager.swift */,
			);
			path = Managers;
			sourceTree = "<group>";
		};
		EE41E5982CEA26B500614560 /* RoomSelection */ = {
			isa = PBXGroup;
			children = (
				EE41E59D2CEA829F00614560 /* Cells */,
				EE41E5992CEA26C100614560 /* RoomSelectionView.swift */,
				EE41E59B2CEA26C700614560 /* RoomSelectionController.swift */,
			);
			path = RoomSelection;
			sourceTree = "<group>";
		};
		EE41E59D2CEA829F00614560 /* Cells */ = {
			isa = PBXGroup;
			children = (
				EE41E59E2CEA82AC00614560 /* RoomSelectionCollectionItemCell.swift */,
				EE41E5A02CEA8A8100614560 /* RoomSelectionCollectionAddItemCell.swift */,
			);
			path = Cells;
			sourceTree = "<group>";
		};
		EE41E5A22CEAA2DA00614560 /* CreateRoom */ = {
			isa = PBXGroup;
			children = (
				EE41E5A32CEAA2F700614560 /* CreateRoomView.swift */,
				EE41E5A52CEAA2FC00614560 /* CreateRoomController.swift */,
			);
			path = CreateRoom;
			sourceTree = "<group>";
		};
		EE4549B22CED6582002A6D4F /* Elements */ = {
			isa = PBXGroup;
			children = (
				EEC5E9F12CCACF0D0040237B /* Virtual Objects */,
				EE19B7092CECFCC900906F0A /* UIDropdown.swift */,
			);
			path = Elements;
			sourceTree = "<group>";
		};
		EE4549B32CED68BC002A6D4F /* Enums */ = {
			isa = PBXGroup;
			children = (
				EE4549B42CED68C9002A6D4F /* RoomType.swift */,
				EE4549B62CED68F9002A6D4F /* MenuState.swift */,
			);
			path = Enums;
			sourceTree = "<group>";
		};
		EE8F9D6F2CD4104C00CB0C2B /* scene_techniques */ = {
			isa = PBXGroup;
			children = (
				EE8F9D6D2CD4104C00CB0C2B /* RenderOutlineShaders.metal */,
				EE8F9D6E2CD4104C00CB0C2B /* RenderOutlineTechnique.plist */,
			);
			path = scene_techniques;
			sourceTree = "<group>";
		};
		EEC039992CCCE0F4003E0589 /* ModelsMenu */ = {
			isa = PBXGroup;
			children = (
				EEC0399E2CCCE13A003E0589 /* Cells */,
				EEC0399A2CCCE0FD003E0589 /* ModelsMenuView.swift */,
				EEEEA0742CF11AB5004E1F92 /* ModelsMenuController.swift */,
			);
			path = ModelsMenu;
			sourceTree = "<group>";
		};
		EEC0399E2CCCE13A003E0589 /* Cells */ = {
			isa = PBXGroup;
			children = (
				EEEEA0762CF11B6E004E1F92 /* ModelsMenuCollectionCell.swift */,
			);
			path = Cells;
			sourceTree = "<group>";
		};
		EEC5E9DF2CCAC4A40040237B /* Resources */ = {
			isa = PBXGroup;
			children = (
				EE8F9D6F2CD4104C00CB0C2B /* scene_techniques */,
				EEC039932CCC1ED5003E0589 /* Assets.xcassets */,
				EE1FE5FB2CCAC30000D30110 /* LaunchScreen.storyboard */,
				EEE920202CF0DB66001FA4BF /* Models.scnassets */,
			);
			path = Resources;
			sourceTree = "<group>";
		};
		EEC5E9E02CCAC4B60040237B /* Extensions */ = {
			isa = PBXGroup;
			children = (
				EEC5E9F42CCAD8270040237B /* Extensions.swift */,
			);
			path = Extensions;
			sourceTree = "<group>";
		};
		EEC5E9E12CCAC4C20040237B /* Controllers */ = {
			isa = PBXGroup;
			children = (
				EE41E5A22CEAA2DA00614560 /* CreateRoom */,
				EE41E5982CEA26B500614560 /* RoomSelection */,
				EEC039992CCCE0F4003E0589 /* ModelsMenu */,
				EEC5E9EC2CCAC7800040237B /* Main */,
				EEC5E9E62CCAC6D80040237B /* BaseView.swift */,
				EEC5E9E82CCAC6F00040237B /* BaseController.swift */,
				EE1EC0242D21BDF1006F18D3 /* UIFullLoadingController.swift */,
			);
			path = Controllers;
			sourceTree = "<group>";
		};
		EEC5E9EC2CCAC7800040237B /* Main */ = {
			isa = PBXGroup;
			children = (
				EEC5E9ED2CCAC78C0040237B /* MainView.swift */,
				EEC5E9EF2CCAC7930040237B /* MainController.swift */,
			);
			path = Main;
			sourceTree = "<group>";
		};
		EEC5E9F12CCACF0D0040237B /* Virtual Objects */ = {
			isa = PBXGroup;
			children = (
				EE875F3F2CFC9A6A006E8995 /* VirtualObjectActionPanel.swift */,
				EE3538E62CD6407100EBBF62 /* ThresholdPanGesture.swift */,
				EEC5E9F22CCACF1D0040237B /* Plane.swift */,
				EEE1D4172CDC1E0E00BC2CF8 /* SnapshotAnchor.swift */,
			);
			path = "Virtual Objects";
			sourceTree = "<group>";
		};
/* End PBXGroup section */

/* Begin PBXNativeTarget section */
		EE1FE5EC2CCAC2FF00D30110 /* PlaceIt */ = {
			isa = PBXNativeTarget;
			buildConfigurationList = EE1FE6012CCAC30000D30110 /* Build configuration list for PBXNativeTarget "PlaceIt" */;
			buildPhases = (
				26FC824FBC39F1224D57D1DD /* [CP] Check Pods Manifest.lock */,
				EE1FE5E92CCAC2FF00D30110 /* Sources */,
				EE1FE5EA2CCAC2FF00D30110 /* Frameworks */,
				EE1FE5EB2CCAC2FF00D30110 /* Resources */,
				EA6B7231AA50E6C5FC77D717 /* [CP] Embed Pods Frameworks */,
			);
			buildRules = (
			);
			dependencies = (
			);
			name = PlaceIt;
			productName = PlaceIt;
			productReference = EE1FE5ED2CCAC2FF00D30110 /* PlaceIt.app */;
			productType = "com.apple.product-type.application";
		};
/* End PBXNativeTarget section */

/* Begin PBXProject section */
		EE1FE5E52CCAC2FF00D30110 /* Project object */ = {
			isa = PBXProject;
			attributes = {
				BuildIndependentTargetsInParallel = 1;
				LastSwiftUpdateCheck = 1540;
				LastUpgradeCheck = 1540;
				TargetAttributes = {
					EE1FE5EC2CCAC2FF00D30110 = {
						CreatedOnToolsVersion = 15.4;
					};
				};
			};
			buildConfigurationList = EE1FE5E82CCAC2FF00D30110 /* Build configuration list for PBXProject "PlaceIt" */;
			compatibilityVersion = "Xcode 14.0";
			developmentRegion = en;
			hasScannedForEncodings = 0;
			knownRegions = (
				en,
				Base,
			);
			mainGroup = EE1FE5E42CCAC2FF00D30110;
			productRefGroup = EE1FE5EE2CCAC2FF00D30110 /* Products */;
			projectDirPath = "";
			projectRoot = "";
			targets = (
				EE1FE5EC2CCAC2FF00D30110 /* PlaceIt */,
			);
		};
/* End PBXProject section */

/* Begin PBXResourcesBuildPhase section */
		EE1FE5EB2CCAC2FF00D30110 /* Resources */ = {
			isa = PBXResourcesBuildPhase;
			buildActionMask = 2147483647;
			files = (
				EEE920212CF0DB66001FA4BF /* Models.scnassets in Resources */,
				EE1FE5FD2CCAC30000D30110 /* Base in Resources */,
				EEC039942CCC1ED5003E0589 /* Assets.xcassets in Resources */,
				EE8F9D712CD4104C00CB0C2B /* RenderOutlineTechnique.plist in Resources */,
			);
			runOnlyForDeploymentPostprocessing = 0;
		};
/* End PBXResourcesBuildPhase section */

/* Begin PBXShellScriptBuildPhase section */
		26FC824FBC39F1224D57D1DD /* [CP] Check Pods Manifest.lock */ = {
			isa = PBXShellScriptBuildPhase;
			buildActionMask = 2147483647;
			files = (
			);
			inputFileListPaths = (
			);
			inputPaths = (
				"${PODS_PODFILE_DIR_PATH}/Podfile.lock",
				"${PODS_ROOT}/Manifest.lock",
			);
			name = "[CP] Check Pods Manifest.lock";
			outputFileListPaths = (
			);
			outputPaths = (
				"$(DERIVED_FILE_DIR)/Pods-PlaceIt-checkManifestLockResult.txt",
			);
			runOnlyForDeploymentPostprocessing = 0;
			shellPath = /bin/sh;
			shellScript = "diff \"${PODS_PODFILE_DIR_PATH}/Podfile.lock\" \"${PODS_ROOT}/Manifest.lock\" > /dev/null\nif [ $? != 0 ] ; then\n    # print error to STDERR\n    echo \"error: The sandbox is not in sync with the Podfile.lock. Run 'pod install' or update your CocoaPods installation.\" >&2\n    exit 1\nfi\n# This output is used by Xcode 'outputs' to avoid re-running this script phase.\necho \"SUCCESS\" > \"${SCRIPT_OUTPUT_FILE_0}\"\n";
			showEnvVarsInLog = 0;
		};
		EA6B7231AA50E6C5FC77D717 /* [CP] Embed Pods Frameworks */ = {
			isa = PBXShellScriptBuildPhase;
			buildActionMask = 2147483647;
			files = (
			);
			inputFileListPaths = (
				"${PODS_ROOT}/Target Support Files/Pods-PlaceIt/Pods-PlaceIt-frameworks-${CONFIGURATION}-input-files.xcfilelist",
			);
			name = "[CP] Embed Pods Frameworks";
			outputFileListPaths = (
				"${PODS_ROOT}/Target Support Files/Pods-PlaceIt/Pods-PlaceIt-frameworks-${CONFIGURATION}-output-files.xcfilelist",
			);
			runOnlyForDeploymentPostprocessing = 0;
			shellPath = /bin/sh;
			shellScript = "\"${PODS_ROOT}/Target Support Files/Pods-PlaceIt/Pods-PlaceIt-frameworks.sh\"\n";
			showEnvVarsInLog = 0;
		};
/* End PBXShellScriptBuildPhase section */

/* Begin PBXSourcesBuildPhase section */
		EE1FE5E92CCAC2FF00D30110 /* Sources */ = {
			isa = PBXSourcesBuildPhase;
			buildActionMask = 2147483647;
			files = (
				EE3295232D25EB3700FE2344 /* AddRoomTip.swift in Sources */,
				EE4549B72CED68F9002A6D4F /* MenuState.swift in Sources */,
				EEC5E9F02CCAC7930040237B /* MainController.swift in Sources */,
				EE1EC01D2D200B41006F18D3 /* Room.swift in Sources */,
				EEC5E9EE2CCAC78C0040237B /* MainView.swift in Sources */,
				EE1FE5F12CCAC2FF00D30110 /* AppDelegate.swift in Sources */,
				EE41E59F2CEA82AC00614560 /* RoomSelectionCollectionItemCell.swift in Sources */,
				EE41E59A2CEA26C100614560 /* RoomSelectionView.swift in Sources */,
				EEC0399B2CCCE0FD003E0589 /* ModelsMenuView.swift in Sources */,
				EEC5E9F52CCAD8270040237B /* Extensions.swift in Sources */,
				EE41E5A12CEA8A8100614560 /* RoomSelectionCollectionAddItemCell.swift in Sources */,
				EE41E59C2CEA26C800614560 /* RoomSelectionController.swift in Sources */,
				EE875F402CFC9A73006E8995 /* VirtualObjectActionPanel.swift in Sources */,
				EEC5E9E92CCAC6F00040237B /* BaseController.swift in Sources */,
				EE19B70A2CECFCC900906F0A /* UIDropdown.swift in Sources */,
				EE3538E92CD6455300EBBF62 /* VirtualObjectInteraction.swift in Sources */,
				EE3538E72CD6407100EBBF62 /* ThresholdPanGesture.swift in Sources */,
				EE1EC0252D21BE0C006F18D3 /* UIFullLoadingController.swift in Sources */,
				EE3295202D25E24500FE2344 /* Test.swift in Sources */,
				EE0404722D2942FF00B9DA2F /* AddModelTip.swift in Sources */,
				EE41E5972CEA251400614560 /* RoomManager.swift in Sources */,
				EE41E5A62CEAA2FC00614560 /* CreateRoomController.swift in Sources */,
				EEE1D4182CDC1E0E00BC2CF8 /* SnapshotAnchor.swift in Sources */,
				EEC039982CCC3DE6003E0589 /* VirtualObject.swift in Sources */,
				EEEEA0752CF11AB5004E1F92 /* ModelsMenuController.swift in Sources */,
				EE1FE5F32CCAC2FF00D30110 /* SceneDelegate.swift in Sources */,
				EEEEA0772CF11B6E004E1F92 /* ModelsMenuCollectionCell.swift in Sources */,
				EE8F9D702CD4104C00CB0C2B /* RenderOutlineShaders.metal in Sources */,
				EE41E5A42CEAA2F700614560 /* CreateRoomView.swift in Sources */,
				EE4549B52CED68C9002A6D4F /* RoomType.swift in Sources */,
				EEC5E9E72CCAC6D80040237B /* BaseView.swift in Sources */,
				EEC5E9F32CCACF1D0040237B /* Plane.swift in Sources */,
			);
			runOnlyForDeploymentPostprocessing = 0;
		};
/* End PBXSourcesBuildPhase section */

/* Begin PBXVariantGroup section */
		EE1FE5FB2CCAC30000D30110 /* LaunchScreen.storyboard */ = {
			isa = PBXVariantGroup;
			children = (
				EE1FE5FC2CCAC30000D30110 /* Base */,
			);
			name = LaunchScreen.storyboard;
			sourceTree = "<group>";
		};
/* End PBXVariantGroup section */

/* Begin XCBuildConfiguration section */
		EE1FE5FF2CCAC30000D30110 /* Debug */ = {
			isa = XCBuildConfiguration;
			buildSettings = {
				ALWAYS_SEARCH_USER_PATHS = NO;
				ASSETCATALOG_COMPILER_GENERATE_SWIFT_ASSET_SYMBOL_EXTENSIONS = YES;
				CLANG_ANALYZER_NONNULL = YES;
				CLANG_ANALYZER_NUMBER_OBJECT_CONVERSION = YES_AGGRESSIVE;
				CLANG_CXX_LANGUAGE_STANDARD = "gnu++20";
				CLANG_ENABLE_MODULES = YES;
				CLANG_ENABLE_OBJC_ARC = YES;
				CLANG_ENABLE_OBJC_WEAK = YES;
				CLANG_WARN_BLOCK_CAPTURE_AUTORELEASING = YES;
				CLANG_WARN_BOOL_CONVERSION = YES;
				CLANG_WARN_COMMA = YES;
				CLANG_WARN_CONSTANT_CONVERSION = YES;
				CLANG_WARN_DEPRECATED_OBJC_IMPLEMENTATIONS = YES;
				CLANG_WARN_DIRECT_OBJC_ISA_USAGE = YES_ERROR;
				CLANG_WARN_DOCUMENTATION_COMMENTS = YES;
				CLANG_WARN_EMPTY_BODY = YES;
				CLANG_WARN_ENUM_CONVERSION = YES;
				CLANG_WARN_INFINITE_RECURSION = YES;
				CLANG_WARN_INT_CONVERSION = YES;
				CLANG_WARN_NON_LITERAL_NULL_CONVERSION = YES;
				CLANG_WARN_OBJC_IMPLICIT_RETAIN_SELF = YES;
				CLANG_WARN_OBJC_LITERAL_CONVERSION = YES;
				CLANG_WARN_OBJC_ROOT_CLASS = YES_ERROR;
				CLANG_WARN_QUOTED_INCLUDE_IN_FRAMEWORK_HEADER = YES;
				CLANG_WARN_RANGE_LOOP_ANALYSIS = YES;
				CLANG_WARN_STRICT_PROTOTYPES = YES;
				CLANG_WARN_SUSPICIOUS_MOVE = YES;
				CLANG_WARN_UNGUARDED_AVAILABILITY = YES_AGGRESSIVE;
				CLANG_WARN_UNREACHABLE_CODE = YES;
				CLANG_WARN__DUPLICATE_METHOD_MATCH = YES;
				COPY_PHASE_STRIP = NO;
				DEBUG_INFORMATION_FORMAT = dwarf;
				ENABLE_STRICT_OBJC_MSGSEND = YES;
				ENABLE_TESTABILITY = YES;
				ENABLE_USER_SCRIPT_SANDBOXING = NO;
				GCC_C_LANGUAGE_STANDARD = gnu17;
				GCC_DYNAMIC_NO_PIC = NO;
				GCC_NO_COMMON_BLOCKS = YES;
				GCC_OPTIMIZATION_LEVEL = 0;
				GCC_PREPROCESSOR_DEFINITIONS = (
					"DEBUG=1",
					"$(inherited)",
				);
				GCC_WARN_64_TO_32_BIT_CONVERSION = YES;
				GCC_WARN_ABOUT_RETURN_TYPE = YES_ERROR;
				GCC_WARN_UNDECLARED_SELECTOR = YES;
				GCC_WARN_UNINITIALIZED_AUTOS = YES_AGGRESSIVE;
				GCC_WARN_UNUSED_FUNCTION = YES;
				GCC_WARN_UNUSED_VARIABLE = YES;
				IPHONEOS_DEPLOYMENT_TARGET = 17.5;
				LOCALIZATION_PREFERS_STRING_CATALOGS = YES;
				MTL_ENABLE_DEBUG_INFO = INCLUDE_SOURCE;
				MTL_FAST_MATH = YES;
				ONLY_ACTIVE_ARCH = YES;
				SDKROOT = iphoneos;
				SWIFT_ACTIVE_COMPILATION_CONDITIONS = "DEBUG $(inherited)";
				SWIFT_OPTIMIZATION_LEVEL = "-Onone";
			};
			name = Debug;
		};
		EE1FE6002CCAC30000D30110 /* Release */ = {
			isa = XCBuildConfiguration;
			buildSettings = {
				ALWAYS_SEARCH_USER_PATHS = NO;
				ASSETCATALOG_COMPILER_GENERATE_SWIFT_ASSET_SYMBOL_EXTENSIONS = YES;
				CLANG_ANALYZER_NONNULL = YES;
				CLANG_ANALYZER_NUMBER_OBJECT_CONVERSION = YES_AGGRESSIVE;
				CLANG_CXX_LANGUAGE_STANDARD = "gnu++20";
				CLANG_ENABLE_MODULES = YES;
				CLANG_ENABLE_OBJC_ARC = YES;
				CLANG_ENABLE_OBJC_WEAK = YES;
				CLANG_WARN_BLOCK_CAPTURE_AUTORELEASING = YES;
				CLANG_WARN_BOOL_CONVERSION = YES;
				CLANG_WARN_COMMA = YES;
				CLANG_WARN_CONSTANT_CONVERSION = YES;
				CLANG_WARN_DEPRECATED_OBJC_IMPLEMENTATIONS = YES;
				CLANG_WARN_DIRECT_OBJC_ISA_USAGE = YES_ERROR;
				CLANG_WARN_DOCUMENTATION_COMMENTS = YES;
				CLANG_WARN_EMPTY_BODY = YES;
				CLANG_WARN_ENUM_CONVERSION = YES;
				CLANG_WARN_INFINITE_RECURSION = YES;
				CLANG_WARN_INT_CONVERSION = YES;
				CLANG_WARN_NON_LITERAL_NULL_CONVERSION = YES;
				CLANG_WARN_OBJC_IMPLICIT_RETAIN_SELF = YES;
				CLANG_WARN_OBJC_LITERAL_CONVERSION = YES;
				CLANG_WARN_OBJC_ROOT_CLASS = YES_ERROR;
				CLANG_WARN_QUOTED_INCLUDE_IN_FRAMEWORK_HEADER = YES;
				CLANG_WARN_RANGE_LOOP_ANALYSIS = YES;
				CLANG_WARN_STRICT_PROTOTYPES = YES;
				CLANG_WARN_SUSPICIOUS_MOVE = YES;
				CLANG_WARN_UNGUARDED_AVAILABILITY = YES_AGGRESSIVE;
				CLANG_WARN_UNREACHABLE_CODE = YES;
				CLANG_WARN__DUPLICATE_METHOD_MATCH = YES;
				COPY_PHASE_STRIP = NO;
				DEBUG_INFORMATION_FORMAT = "dwarf-with-dsym";
				ENABLE_NS_ASSERTIONS = NO;
				ENABLE_STRICT_OBJC_MSGSEND = YES;
				ENABLE_USER_SCRIPT_SANDBOXING = NO;
				GCC_C_LANGUAGE_STANDARD = gnu17;
				GCC_NO_COMMON_BLOCKS = YES;
				GCC_WARN_64_TO_32_BIT_CONVERSION = YES;
				GCC_WARN_ABOUT_RETURN_TYPE = YES_ERROR;
				GCC_WARN_UNDECLARED_SELECTOR = YES;
				GCC_WARN_UNINITIALIZED_AUTOS = YES_AGGRESSIVE;
				GCC_WARN_UNUSED_FUNCTION = YES;
				GCC_WARN_UNUSED_VARIABLE = YES;
				IPHONEOS_DEPLOYMENT_TARGET = 17.5;
				LOCALIZATION_PREFERS_STRING_CATALOGS = YES;
				MTL_ENABLE_DEBUG_INFO = NO;
				MTL_FAST_MATH = YES;
				SDKROOT = iphoneos;
				SWIFT_COMPILATION_MODE = wholemodule;
				VALIDATE_PRODUCT = YES;
			};
			name = Release;
		};
		EE1FE6022CCAC30000D30110 /* Debug */ = {
			isa = XCBuildConfiguration;
			baseConfigurationReference = 44B6FBE65F2B4C984CD0E568 /* Pods-PlaceIt.debug.xcconfig */;
			buildSettings = {
				ASSETCATALOG_COMPILER_APPICON_NAME = AppIcon;
				ASSETCATALOG_COMPILER_GLOBAL_ACCENT_COLOR_NAME = AccentColor;
				CODE_SIGN_STYLE = Automatic;
				CURRENT_PROJECT_VERSION = 1;
				DEVELOPMENT_TEAM = JP45R35RWN;
				GENERATE_INFOPLIST_FILE = YES;
				INFOPLIST_FILE = PlaceIt/Info.plist;
				INFOPLIST_KEY_NSCameraUsageDescription = "PlaceIt needs access to the camera in order to work properly.";
				INFOPLIST_KEY_UIApplicationSupportsIndirectInputEvents = YES;
				INFOPLIST_KEY_UILaunchStoryboardName = LaunchScreen;
				INFOPLIST_KEY_UISupportedInterfaceOrientations_iPad = "UIInterfaceOrientationPortrait UIInterfaceOrientationPortraitUpsideDown UIInterfaceOrientationLandscapeLeft UIInterfaceOrientationLandscapeRight";
				INFOPLIST_KEY_UISupportedInterfaceOrientations_iPhone = "UIInterfaceOrientationPortrait UIInterfaceOrientationLandscapeLeft UIInterfaceOrientationLandscapeRight";
				INFOPLIST_KEY_UIUserInterfaceStyle = Light;
				LD_RUNPATH_SEARCH_PATHS = (
					"$(inherited)",
					"@executable_path/Frameworks",
				);
				MARKETING_VERSION = 1.0;
				PRODUCT_BUNDLE_IDENTIFIER = aleksandar.PlaceIt;
				PRODUCT_NAME = "$(TARGET_NAME)";
				SWIFT_EMIT_LOC_STRINGS = YES;
				SWIFT_VERSION = 5.0;
				TARGETED_DEVICE_FAMILY = "1,2";
			};
			name = Debug;
		};
		EE1FE6032CCAC30000D30110 /* Release */ = {
			isa = XCBuildConfiguration;
			baseConfigurationReference = CB47595DA9DB689DB5E50D17 /* Pods-PlaceIt.release.xcconfig */;
			buildSettings = {
				ASSETCATALOG_COMPILER_APPICON_NAME = AppIcon;
				ASSETCATALOG_COMPILER_GLOBAL_ACCENT_COLOR_NAME = AccentColor;
				CODE_SIGN_STYLE = Automatic;
				CURRENT_PROJECT_VERSION = 1;
				DEVELOPMENT_TEAM = JP45R35RWN;
				GENERATE_INFOPLIST_FILE = YES;
				INFOPLIST_FILE = PlaceIt/Info.plist;
				INFOPLIST_KEY_NSCameraUsageDescription = "PlaceIt needs access to the camera in order to work properly.";
				INFOPLIST_KEY_UIApplicationSupportsIndirectInputEvents = YES;
				INFOPLIST_KEY_UILaunchStoryboardName = LaunchScreen;
				INFOPLIST_KEY_UISupportedInterfaceOrientations_iPad = "UIInterfaceOrientationPortrait UIInterfaceOrientationPortraitUpsideDown UIInterfaceOrientationLandscapeLeft UIInterfaceOrientationLandscapeRight";
				INFOPLIST_KEY_UISupportedInterfaceOrientations_iPhone = "UIInterfaceOrientationPortrait UIInterfaceOrientationLandscapeLeft UIInterfaceOrientationLandscapeRight";
				INFOPLIST_KEY_UIUserInterfaceStyle = Light;
				LD_RUNPATH_SEARCH_PATHS = (
					"$(inherited)",
					"@executable_path/Frameworks",
				);
				MARKETING_VERSION = 1.0;
				PRODUCT_BUNDLE_IDENTIFIER = aleksandar.PlaceIt;
				PRODUCT_NAME = "$(TARGET_NAME)";
				SWIFT_EMIT_LOC_STRINGS = YES;
				SWIFT_VERSION = 5.0;
				TARGETED_DEVICE_FAMILY = "1,2";
			};
			name = Release;
		};
/* End XCBuildConfiguration section */

/* Begin XCConfigurationList section */
		EE1FE5E82CCAC2FF00D30110 /* Build configuration list for PBXProject "PlaceIt" */ = {
			isa = XCConfigurationList;
			buildConfigurations = (
				EE1FE5FF2CCAC30000D30110 /* Debug */,
				EE1FE6002CCAC30000D30110 /* Release */,
			);
			defaultConfigurationIsVisible = 0;
			defaultConfigurationName = Release;
		};
		EE1FE6012CCAC30000D30110 /* Build configuration list for PBXNativeTarget "PlaceIt" */ = {
			isa = XCConfigurationList;
			buildConfigurations = (
				EE1FE6022CCAC30000D30110 /* Debug */,
				EE1FE6032CCAC30000D30110 /* Release */,
			);
			defaultConfigurationIsVisible = 0;
			defaultConfigurationName = Release;
		};
/* End XCConfigurationList section */
	};
	rootObject = EE1FE5E52CCAC2FF00D30110 /* Project object */;
}
